
Microsoft Visual Studio Solution File, Format Version 12.00
# Visual Studio 15
VisualStudioVersion = 15.0.27428.2005
MinimumVisualStudioVersion = 10.0.40219.1
Project("{FAE04EC0-301F-11D3-BF4B-00C04F79EFBC}") = "PhoenixRising.InternalAPI", "PhoenixRising.InternalAPI\PhoenixRising.InternalAPI.csproj", "{4591E2CA-30C7-4B0E-917F-4195EC5246A2}"
EndProject
Project("{FAE04EC0-301F-11D3-BF4B-00C04F79EFBC}") = "PhoenixRising.InternalAPI.Tests", "PhoenixRising.InternalAPI.Tests\PhoenixRising.InternalAPI.Tests.csproj", "{0C225DA6-F8E2-46F8-B726-AEBF02198D22}"
EndProject
Global
	GlobalSection(SolutionConfigurationPlatforms) = preSolution
		Debug|Any CPU = Debug|Any CPU
		Release|Any CPU = Release|Any CPU
	EndGlobalSection
	GlobalSection(ProjectConfigurationPlatforms) = postSolution
		{4591E2CA-30C7-4B0E-917F-4195EC5246A2}.Debug|Any CPU.ActiveCfg = Debug|Any CPU
		{4591E2CA-30C7-4B0E-917F-4195EC5246A2}.Debug|Any CPU.Build.0 = Debug|Any CPU
		{4591E2CA-30C7-4B0E-917F-4195EC5246A2}.Release|Any CPU.ActiveCfg = Release|Any CPU
		{4591E2CA-30C7-4B0E-917F-4195EC5246A2}.Release|Any CPU.Build.0 = Release|Any CPU
		{0C225DA6-F8E2-46F8-B726-AEBF02198D22}.Debug|Any CPU.ActiveCfg = Debug|Any CPU
		{0C225DA6-F8E2-46F8-B726-AEBF02198D22}.Debug|Any CPU.Build.0 = Debug|Any CPU
		{0C225DA6-F8E2-46F8-B726-AEBF02198D22}.Release|Any CPU.ActiveCfg = Release|Any CPU
		{0C225DA6-F8E2-46F8-B726-AEBF02198D22}.Release|Any CPU.Build.0 = Release|Any CPU
	EndGlobalSection
	GlobalSection(SolutionProperties) = preSolution
		HideSolutionNode = FALSE
	EndGlobalSection
	GlobalSection(ExtensibilityGlobals) = postSolution
		SolutionGuid = {1A085B9B-8474-4A1E-91DA-0813125AA9BA}
	EndGlobalSection
EndGlobal
